Microsoft Visual Studio Solution File, Format Version 12.00
# Visual Studio Version 17
VisualStudioVersion = 17.5.2.0
MinimumVisualStudioVersion = 10.0.40219.1
Project("{FAE04EC0-301F-11D3-BF4B-00C04F79EFBC}") = "Automotores.Kiosco", "Automotores.Kiosco.csproj", "{EAF0FAFF-7BDD-AEDA-442D-6E9337C19185}"
EndProject
Global
	GlobalSection(SolutionConfigurationPlatforms) = preSolution
		Debug|Any CPU = Debug|Any CPU
		Release|Any CPU = Release|Any CPU
	EndGlobalSection
	GlobalSection(ProjectConfigurationPlatforms) = postSolution
		{EAF0FAFF-7BDD-AEDA-442D-6E9337C19185}.Debug|Any CPU.ActiveCfg = Debug|Any CPU
		{EAF0FAFF-7BDD-AEDA-442D-6E9337C19185}.Debug|Any CPU.Build.0 = Debug|Any CPU
		{EAF0FAFF-7BDD-AEDA-442D-6E9337C19185}.Release|Any CPU.ActiveCfg = Release|Any CPU
		{EAF0FAFF-7BDD-AEDA-442D-6E9337C19185}.Release|Any CPU.Build.0 = Release|Any CPU
	EndGlobalSection
	GlobalSection(SolutionProperties) = preSolution
		HideSolutionNode = FALSE
	EndGlobalSection
	GlobalSection(ExtensibilityGlobals) = postSolution
		SolutionGuid = {1DF3CAC8-D877-4F15-BC7C-35F5B3B47440}
	EndGlobalSection
EndGlobal
